
Microsoft Visual Studio Solution File, Format Version 12.00
# Visual Studio Version 16
VisualStudioVersion = 16.0.31702.278
MinimumVisualStudioVersion = 10.0.40219.1
Project("{FAE04EC0-301F-11D3-BF4B-00C04F79EFBC}") = "Bootcamp-Curriculum", "Bootcamp-Curriculum\Bootcamp-Curriculum.csproj", "{C16A5FC3-70AF-46D3-8CD8-C6FC35E45CE3}"
EndProject
Global
	GlobalSection(SolutionConfigurationPlatforms) = preSolution
		Debug|Any CPU = Debug|Any CPU
		Release|Any CPU = Release|Any CPU
	EndGlobalSection
	GlobalSection(ProjectConfigurationPlatforms) = postSolution
		{C16A5FC3-70AF-46D3-8CD8-C6FC35E45CE3}.Debug|Any CPU.ActiveCfg = Debug|Any CPU
		{C16A5FC3-70AF-46D3-8CD8-C6FC35E45CE3}.Debug|Any CPU.Build.0 = Debug|Any CPU
		{C16A5FC3-70AF-46D3-8CD8-C6FC35E45CE3}.Release|Any CPU.ActiveCfg = Release|Any CPU
		{C16A5FC3-70AF-46D3-8CD8-C6FC35E45CE3}.Release|Any CPU.Build.0 = Release|Any CPU
	EndGlobalSection
	GlobalSection(SolutionProperties) = preSolution
		HideSolutionNode = FALSE
	EndGlobalSection
	GlobalSection(ExtensibilityGlobals) = postSolution
		SolutionGuid = {ABA97014-3440-4CE2-AE86-C728459EC012}
	EndGlobalSection
EndGlobal
